
Microsoft Visual Studio Solution File, Format Version 12.00
# Visual Studio 15
VisualStudioVersion = 15.0.28010.2003
MinimumVisualStudioVersion = 10.0.40219.1
Project("{FAE04EC0-301F-11D3-BF4B-00C04F79EFBC}") = "WindowsFormsApp2", "WindowsFormsApp2\WindowsFormsApp2.csproj", "{FBA150BE-90F4-47DD-9BA2-A24E88A1F84E}"
EndProject
Global
	GlobalSection(SolutionConfigurationPlatforms) = preSolution
		Debug|Any CPU = Debug|Any CPU
		Release|Any CPU = Release|Any CPU
	EndGlobalSection
	GlobalSection(ProjectConfigurationPlatforms) = postSolution
		{FBA150BE-90F4-47DD-9BA2-A24E88A1F84E}.Debug|Any CPU.ActiveCfg = Debug|Any CPU
		{FBA150BE-90F4-47DD-9BA2-A24E88A1F84E}.Debug|Any CPU.Build.0 = Debug|Any CPU
		{FBA150BE-90F4-47DD-9BA2-A24E88A1F84E}.Release|Any CPU.ActiveCfg = Release|Any CPU
		{FBA150BE-90F4-47DD-9BA2-A24E88A1F84E}.Release|Any CPU.Build.0 = Release|Any CPU
	EndGlobalSection
	GlobalSection(SolutionProperties) = preSolution
		HideSolutionNode = FALSE
	EndGlobalSection
	GlobalSection(ExtensibilityGlobals) = postSolution
		SolutionGuid = {45BDDC1C-A770-4CDE-A945-5E6E914453E1}
	EndGlobalSection
EndGlobal
